// !$*UTF8*$!
{
	archiveVersion = 1;
	classes = {
	};
	objectVersion = 51;
	objects = {

/* Begin PBXBuildFile section */
		42485EE12608D4AF00A7BD6A /* PokemonViewController.swift in Sources */ = {isa = PBXBuildFile; fileRef = 42485EE02608D4AF00A7BD6A /* PokemonViewController.swift */; };
		4290631B2608D09B004FE97C /* AppDelegate.swift in Sources */ = {isa = PBXBuildFile; fileRef = 4290631A2608D09B004FE97C /* AppDelegate.swift */; };
		4290631D2608D09B004FE97C /* SceneDelegate.swift in Sources */ = {isa = PBXBuildFile; fileRef = 4290631C2608D09B004FE97C /* SceneDelegate.swift */; };
		4290631F2608D09B004FE97C /* ViewController.swift in Sources */ = {isa = PBXBuildFile; fileRef = 4290631E2608D09B004FE97C /* ViewController.swift */; };
		429063222608D09B004FE97C /* Main.storyboard in Resources */ = {isa = PBXBuildFile; fileRef = 429063202608D09B004FE97C /* Main.storyboard */; };
		429063242608D09C004FE97C /* Assets.xcassets in Resources */ = {isa = PBXBuildFile; fileRef = 429063232608D09C004FE97C /* Assets.xcassets */; };
		429063272608D09C004FE97C /* LaunchScreen.storyboard in Resources */ = {isa = PBXBuildFile; fileRef = 429063252608D09C004FE97C /* LaunchScreen.storyboard */; };
		429063302608D24D004FE97C /* Pokemon.swift in Sources */ = {isa = PBXBuildFile; fileRef = 4290632F2608D24D004FE97C /* Pokemon.swift */; };
		71D2971275474683BC722E6B /* Pods_MacDoPokeApi.framework in Frameworks */ = {isa = PBXBuildFile; fileRef = DD5A26C2A05ED916499363EC /* Pods_MacDoPokeApi.framework */; };
/* End PBXBuildFile section */

/* Begin PBXFileReference section */
		42485EE02608D4AF00A7BD6A /* PokemonViewController.swift */ = {isa = PBXFileReference; lastKnownFileType = sourcecode.swift; path = PokemonViewController.swift; sourceTree = "<group>"; };
		429063172608D09B004FE97C /* MacDoPokeApi.app */ = {isa = PBXFileReference; explicitFileType = wrapper.application; includeInIndex = 0; path = MacDoPokeApi.app; sourceTree = BUILT_PRODUCTS_DIR; };
		4290631A2608D09B004FE97C /* AppDelegate.swift */ = {isa = PBXFileReference; lastKnownFileType = sourcecode.swift; path = AppDelegate.swift; sourceTree = "<group>"; };
		4290631C2608D09B004FE97C /* SceneDelegate.swift */ = {isa = PBXFileReference; lastKnownFileType = sourcecode.swift; path = SceneDelegate.swift; sourceTree = "<group>"; };
		4290631E2608D09B004FE97C /* ViewController.swift */ = {isa = PBXFileReference; lastKnownFileType = sourcecode.swift; path = ViewController.swift; sourceTree = "<group>"; };
		429063212608D09B004FE97C /* Base */ = {isa = PBXFileReference; lastKnownFileType = file.storyboard; name = Base; path = Base.lproj/Main.storyboard; sourceTree = "<group>"; };
		429063232608D09C004FE97C /* Assets.xcassets */ = {isa = PBXFileReference; lastKnownFileType = folder.assetcatalog; path = Assets.xcassets; sourceTree = "<group>"; };
		429063262608D09C004FE97C /* Base */ = {isa = PBXFileReference; lastKnownFileType = file.storyboard; name = Base; path = Base.lproj/LaunchScreen.storyboard; sourceTree = "<group>"; };
		429063282608D09C004FE97C /* Info.plist */ = {isa = PBXFileReference; lastKnownFileType = text.plist.xml; path = Info.plist; sourceTree = "<group>"; };
		4290632F2608D24D004FE97C /* Pokemon.swift */ = {isa = PBXFileReference; lastKnownFileType = sourcecode.swift; path = Pokemon.swift; sourceTree = "<group>"; };
		C0040536BE72D28A5B2339FD /* Pods-MacDoPokeApi.release.xcconfig */ = {isa = PBXFileReference; includeInIndex = 1; lastKnownFileType = text.xcconfig; name = "Pods-MacDoPokeApi.release.xcconfig"; path = "Target Support Files/Pods-MacDoPokeApi/Pods-MacDoPokeApi.release.xcconfig"; sourceTree = "<group>"; };
		DD5A26C2A05ED916499363EC /* Pods_MacDoPokeApi.framework */ = {isa = PBXFileReference; explicitFileType = wrapper.framework; includeInIndex = 0; path = Pods_MacDoPokeApi.framework; sourceTree = BUILT_PRODUCTS_DIR; };
		E5906B630118FB966EA68D4F /* Pods-MacDoPokeApi.debug.xcconfig */ = {isa = PBXFileReference; includeInIndex = 1; lastKnownFileType = text.xcconfig; name = "Pods-MacDoPokeApi.debug.xcconfig"; path = "Target Support Files/Pods-MacDoPokeApi/Pods-MacDoPokeApi.debug.xcconfig"; sourceTree = "<group>"; };
/* End PBXFileReference section */

/* Begin PBXFrameworksBuildPhase section */
		429063142608D09B004FE97C /* Frameworks */ = {
			isa = PBXFrameworksBuildPhase;
			buildActionMask = 2147483647;
			files = (
				71D2971275474683BC722E6B /* Pods_MacDoPokeApi.framework in Frameworks */,
			);
			runOnlyForDeploymentPostprocessing = 0;
		};
/* End PBXFrameworksBuildPhase section */

/* Begin PBXGroup section */
		4290630E2608D09B004FE97C = {
			isa = PBXGroup;
			children = (
				429063192608D09B004FE97C /* MacDoPokeApi */,
				429063182608D09B004FE97C /* Products */,
				CCB7D9071980455AC272B48B /* Pods */,
				7353DA423D1603019F9643F5 /* Frameworks */,
			);
			sourceTree = "<group>";
		};
		429063182608D09B004FE97C /* Products */ = {
			isa = PBXGroup;
			children = (
				429063172608D09B004FE97C /* MacDoPokeApi.app */,
			);
			name = Products;
			sourceTree = "<group>";
		};
		429063192608D09B004FE97C /* MacDoPokeApi */ = {
			isa = PBXGroup;
			children = (
				4290632E2608D23B004FE97C /* Model */,
				4290631A2608D09B004FE97C /* AppDelegate.swift */,
				4290631C2608D09B004FE97C /* SceneDelegate.swift */,
				4290631E2608D09B004FE97C /* ViewController.swift */,
				429063202608D09B004FE97C /* Main.storyboard */,
				429063232608D09C004FE97C /* Assets.xcassets */,
				429063252608D09C004FE97C /* LaunchScreen.storyboard */,
				429063282608D09C004FE97C /* Info.plist */,
				42485EE02608D4AF00A7BD6A /* PokemonViewController.swift */,
			);
			path = MacDoPokeApi;
			sourceTree = "<group>";
		};
		4290632E2608D23B004FE97C /* Model */ = {
			isa = PBXGroup;
			children = (
				4290632F2608D24D004FE97C /* Pokemon.swift */,
			);
			path = Model;
			sourceTree = "<group>";
		};
		7353DA423D1603019F9643F5 /* Frameworks */ = {
			isa = PBXGroup;
			children = (
				DD5A26C2A05ED916499363EC /* Pods_MacDoPokeApi.framework */,
			);
			name = Frameworks;
			sourceTree = "<group>";
		};
		CCB7D9071980455AC272B48B /* Pods */ = {
			isa = PBXGroup;
			children = (
				E5906B630118FB966EA68D4F /* Pods-MacDoPokeApi.debug.xcconfig */,
				C0040536BE72D28A5B2339FD /* Pods-MacDoPokeApi.release.xcconfig */,
			);
			path = Pods;
			sourceTree = "<group>";
		};
/* End PBXGroup section */

/* Begin PBXNativeTarget section */
		429063162608D09B004FE97C /* MacDoPokeApi */ = {
			isa = PBXNativeTarget;
			buildConfigurationList = 4290632B2608D09C004FE97C /* Build configuration list for PBXNativeTarget "MacDoPokeApi" */;
			buildPhases = (
				A19019B3DDE055B9CCFF18B8 /* [CP] Check Pods Manifest.lock */,
				429063132608D09B004FE97C /* Sources */,
				429063142608D09B004FE97C /* Frameworks */,
				429063152608D09B004FE97C /* Resources */,
				CECBB6CBB8D3B55037B7A545 /* [CP] Embed Pods Frameworks */,
			);
			buildRules = (
			);
			dependencies = (
			);
			name = MacDoPokeApi;
			productName = MacDoPokeApi;
			productReference = 429063172608D09B004FE97C /* MacDoPokeApi.app */;
			productType = "com.apple.product-type.application";
		};
/* End PBXNativeTarget section */

/* Begin PBXProject section */
		4290630F2608D09B004FE97C /* Project object */ = {
			isa = PBXProject;
			attributes = {
				LastSwiftUpdateCheck = 1130;
				LastUpgradeCheck = 1130;
				ORGANIZATIONNAME = MDS;
				TargetAttributes = {
					429063162608D09B004FE97C = {
						CreatedOnToolsVersion = 11.3;
					};
				};
			};
			buildConfigurationList = 429063122608D09B004FE97C /* Build configuration list for PBXProject "MacDoPokeApi" */;
			compatibilityVersion = "Xcode 9.3";
			developmentRegion = en;
			hasScannedForEncodings = 0;
			knownRegions = (
				en,
				Base,
			);
			mainGroup = 4290630E2608D09B004FE97C;
			productRefGroup = 429063182608D09B004FE97C /* Products */;
			projectDirPath = "";
			projectRoot = "";
			targets = (
				429063162608D09B004FE97C /* MacDoPokeApi */,
			);
		};
/* End PBXProject section */

/* Begin PBXResourcesBuildPhase section */
		429063152608D09B004FE97C /* Resources */ = {
			isa = PBXResourcesBuildPhase;
			buildActionMask = 2147483647;
			files = (
				429063272608D09C004FE97C /* LaunchScreen.storyboard in Resources */,
				429063242608D09C004FE97C /* Assets.xcassets in Resources */,
				429063222608D09B004FE97C /* Main.storyboard in Resources */,
			);
			runOnlyForDeploymentPostprocessing = 0;
		};
/* End PBXResourcesBuildPhase section */

/* Begin PBXShellScriptBuildPhase section */
		A19019B3DDE055B9CCFF18B8 /* [CP] Check Pods Manifest.lock */ = {
			isa = PBXShellScriptBuildPhase;
			buildActionMask = 2147483647;
			files = (
			);
			inputFileListPaths = (
			);
			inputPaths = (
				"${PODS_PODFILE_DIR_PATH}/Podfile.lock",
				"${PODS_ROOT}/Manifest.lock",
			);
			name = "[CP] Check Pods Manifest.lock";
			outputFileListPaths = (
			);
			outputPaths = (
				"$(DERIVED_FILE_DIR)/Pods-MacDoPokeApi-checkManifestLockResult.txt",
			);
			runOnlyForDeploymentPostprocessing = 0;
			shellPath = /bin/sh;
			shellScript = "diff \"${PODS_PODFILE_DIR_PATH}/Podfile.lock\" \"${PODS_ROOT}/Manifest.lock\" > /dev/null\nif [ $? != 0 ] ; then\n    # print error to STDERR\n    echo \"error: The sandbox is not in sync with the Podfile.lock. Run 'pod install' or update your CocoaPods installation.\" >&2\n    exit 1\nfi\n# This output is used by Xcode 'outputs' to avoid re-running this script phase.\necho \"SUCCESS\" > \"${SCRIPT_OUTPUT_FILE_0}\"\n";
			showEnvVarsInLog = 0;
		};
		CECBB6CBB8D3B55037B7A545 /* [CP] Embed Pods Frameworks */ = {
			isa = PBXShellScriptBuildPhase;
			buildActionMask = 2147483647;
			files = (
			);
			inputFileListPaths = (
				"${PODS_ROOT}/Target Support Files/Pods-MacDoPokeApi/Pods-MacDoPokeApi-frameworks-${CONFIGURATION}-input-files.xcfilelist",
			);
			name = "[CP] Embed Pods Frameworks";
			outputFileListPaths = (
				"${PODS_ROOT}/Target Support Files/Pods-MacDoPokeApi/Pods-MacDoPokeApi-frameworks-${CONFIGURATION}-output-files.xcfilelist",
			);
			runOnlyForDeploymentPostprocessing = 0;
			shellPath = /bin/sh;
			shellScript = "\"${PODS_ROOT}/Target Support Files/Pods-MacDoPokeApi/Pods-MacDoPokeApi-frameworks.sh\"\n";
			showEnvVarsInLog = 0;
		};
/* End PBXShellScriptBuildPhase section */

/* Begin PBXSourcesBuildPhase section */
		429063132608D09B004FE97C /* Sources */ = {
			isa = PBXSourcesBuildPhase;
			buildActionMask = 2147483647;
			files = (
				4290631F2608D09B004FE97C /* ViewController.swift in Sources */,
				42485EE12608D4AF00A7BD6A /* PokemonViewController.swift in Sources */,
				429063302608D24D004FE97C /* Pokemon.swift in Sources */,
				4290631B2608D09B004FE97C /* AppDelegate.swift in Sources */,
				4290631D2608D09B004FE97C /* SceneDelegate.swift in Sources */,
			);
			runOnlyForDeploymentPostprocessing = 0;
		};
/* End PBXSourcesBuildPhase section */

/* Begin PBXVariantGroup section */
		429063202608D09B004FE97C /* Main.storyboard */ = {
			isa = PBXVariantGroup;
			children = (
				429063212608D09B004FE97C /* Base */,
			);
			name = Main.storyboard;
			sourceTree = "<group>";
		};
		429063252608D09C004FE97C /* LaunchScreen.storyboard */ = {
			isa = PBXVariantGroup;
			children = (
				429063262608D09C004FE97C /* Base */,
			);
			name = LaunchScreen.storyboard;
			sourceTree = "<group>";
		};
/* End PBXVariantGroup section */

/* Begin XCBuildConfiguration section */
		429063292608D09C004FE97C /* Debug */ = {
			isa = XCBuildConfiguration;
			buildSettings = {
				ALWAYS_SEARCH_USER_PATHS = NO;
				CLANG_ANALYZER_NONNULL = YES;
				CLANG_ANALYZER_NUMBER_OBJECT_CONVERSION = YES_AGGRESSIVE;
				CLANG_CXX_LANGUAGE_STANDARD = "gnu++14";
				CLANG_CXX_LIBRARY = "libc++";
				CLANG_ENABLE_MODULES = YES;
				CLANG_ENABLE_OBJC_ARC = YES;
				CLANG_ENABLE_OBJC_WEAK = YES;
				CLANG_WARN_BLOCK_CAPTURE_AUTORELEASING = YES;
				CLANG_WARN_BOOL_CONVERSION = YES;
				CLANG_WARN_COMMA = YES;
				CLANG_WARN_CONSTANT_CONVERSION = YES;
				CLANG_WARN_DEPRECATED_OBJC_IMPLEMENTATIONS = YES;
				CLANG_WARN_DIRECT_OBJC_ISA_USAGE = YES_ERROR;
				CLANG_WARN_DOCUMENTATION_COMMENTS = YES;
				CLANG_WARN_EMPTY_BODY = YES;
				CLANG_WARN_ENUM_CONVERSION = YES;
				CLANG_WARN_INFINITE_RECURSION = YES;
				CLANG_WARN_INT_CONVERSION = YES;
				CLANG_WARN_NON_LITERAL_NULL_CONVERSION = YES;
				CLANG_WARN_OBJC_IMPLICIT_RETAIN_SELF = YES;
				CLANG_WARN_OBJC_LITERAL_CONVERSION = YES;
				CLANG_WARN_OBJC_ROOT_CLASS = YES_ERROR;
				CLANG_WARN_RANGE_LOOP_ANALYSIS = YES;
				CLANG_WARN_STRICT_PROTOTYPES = YES;
				CLANG_WARN_SUSPICIOUS_MOVE = YES;
				CLANG_WARN_UNGUARDED_AVAILABILITY = YES_AGGRESSIVE;
				CLANG_WARN_UNREACHABLE_CODE = YES;
				CLANG_WARN__DUPLICATE_METHOD_MATCH = YES;
				COPY_PHASE_STRIP = NO;
				DEBUG_INFORMATION_FORMAT = dwarf;
				ENABLE_STRICT_OBJC_MSGSEND = YES;
				ENABLE_TESTABILITY = YES;
				GCC_C_LANGUAGE_STANDARD = gnu11;
				GCC_DYNAMIC_NO_PIC = NO;
				GCC_NO_COMMON_BLOCKS = YES;
				GCC_OPTIMIZATION_LEVEL = 0;
				GCC_PREPROCESSOR_DEFINITIONS = (
					"DEBUG=1",
					"$(inherited)",
				);
				GCC_WARN_64_TO_32_BIT_CONVERSION = YES;
				GCC_WARN_ABOUT_RETURN_TYPE = YES_ERROR;
				GCC_WARN_UNDECLARED_SELECTOR = YES;
				GCC_WARN_UNINITIALIZED_AUTOS = YES_AGGRESSIVE;
				GCC_WARN_UNUSED_FUNCTION = YES;
				GCC_WARN_UNUSED_VARIABLE = YES;
				IPHONEOS_DEPLOYMENT_TARGET = 13.2;
				MTL_ENABLE_DEBUG_INFO = INCLUDE_SOURCE;
				MTL_FAST_MATH = YES;
				ONLY_ACTIVE_ARCH = YES;
				SDKROOT = iphoneos;
				SWIFT_ACTIVE_COMPILATION_CONDITIONS = DEBUG;
				SWIFT_OPTIMIZATION_LEVEL = "-Onone";
			};
			name = Debug;
		};
		4290632A2608D09C004FE97C /* Release */ = {
			isa = XCBuildConfiguration;
			buildSettings = {
				ALWAYS_SEARCH_USER_PATHS = NO;
				CLANG_ANALYZER_NONNULL = YES;
				CLANG_ANALYZER_NUMBER_OBJECT_CONVERSION = YES_AGGRESSIVE;
				CLANG_CXX_LANGUAGE_STANDARD = "gnu++14";
				CLANG_CXX_LIBRARY = "libc++";
				CLANG_ENABLE_MODULES = YES;
				CLANG_ENABLE_OBJC_ARC = YES;
				CLANG_ENABLE_OBJC_WEAK = YES;
				CLANG_WARN_BLOCK_CAPTURE_AUTORELEASING = YES;
				CLANG_WARN_BOOL_CONVERSION = YES;
				CLANG_WARN_COMMA = YES;
				CLANG_WARN_CONSTANT_CONVERSION = YES;
				CLANG_WARN_DEPRECATED_OBJC_IMPLEMENTATIONS = YES;
				CLANG_WARN_DIRECT_OBJC_ISA_USAGE = YES_ERROR;
				CLANG_WARN_DOCUMENTATION_COMMENTS = YES;
				CLANG_WARN_EMPTY_BODY = YES;
				CLANG_WARN_ENUM_CONVERSION = YES;
				CLANG_WARN_INFINITE_RECURSION = YES;
				CLANG_WARN_INT_CONVERSION = YES;
				CLANG_WARN_NON_LITERAL_NULL_CONVERSION = YES;
				CLANG_WARN_OBJC_IMPLICIT_RETAIN_SELF = YES;
				CLANG_WARN_OBJC_LITERAL_CONVERSION = YES;
				CLANG_WARN_OBJC_ROOT_CLASS = YES_ERROR;
				CLANG_WARN_RANGE_LOOP_ANALYSIS = YES;
				CLANG_WARN_STRICT_PROTOTYPES = YES;
				CLANG_WARN_SUSPICIOUS_MOVE = YES;
				CLANG_WARN_UNGUARDED_AVAILABILITY = YES_AGGRESSIVE;
				CLANG_WARN_UNREACHABLE_CODE = YES;
				CLANG_WARN__DUPLICATE_METHOD_MATCH = YES;
				COPY_PHASE_STRIP = NO;
				DEBUG_INFORMATION_FORMAT = "dwarf-with-dsym";
				ENABLE_NS_ASSERTIONS = NO;
				ENABLE_STRICT_OBJC_MSGSEND = YES;
				GCC_C_LANGUAGE_STANDARD = gnu11;
				GCC_NO_COMMON_BLOCKS = YES;
				GCC_WARN_64_TO_32_BIT_CONVERSION = YES;
				GCC_WARN_ABOUT_RETURN_TYPE = YES_ERROR;
				GCC_WARN_UNDECLARED_SELECTOR = YES;
				GCC_WARN_UNINITIALIZED_AUTOS = YES_AGGRESSIVE;
				GCC_WARN_UNUSED_FUNCTION = YES;
				GCC_WARN_UNUSED_VARIABLE = YES;
				IPHONEOS_DEPLOYMENT_TARGET = 13.2;
				MTL_ENABLE_DEBUG_INFO = NO;
				MTL_FAST_MATH = YES;
				SDKROOT = iphoneos;
				SWIFT_COMPILATION_MODE = wholemodule;
				SWIFT_OPTIMIZATION_LEVEL = "-O";
				VALIDATE_PRODUCT = YES;
			};
			name = Release;
		};
		4290632C2608D09C004FE97C /* Debug */ = {
			isa = XCBuildConfiguration;
			baseConfigurationReference = E5906B630118FB966EA68D4F /* Pods-MacDoPokeApi.debug.xcconfig */;
			buildSettings = {
				ASSETCATALOG_COMPILER_APPICON_NAME = AppIcon;
				CODE_SIGN_STYLE = Automatic;
				INFOPLIST_FILE = MacDoPokeApi/Info.plist;
				LD_RUNPATH_SEARCH_PATHS = (
					"$(inherited)",
					"@executable_path/Frameworks",
				);
				PRODUCT_BUNDLE_IDENTIFIER = fr.mds.ios.MacDoPokeApi;
				PRODUCT_NAME = "$(TARGET_NAME)";
				SWIFT_VERSION = 5.0;
				TARGETED_DEVICE_FAMILY = "1,2";
			};
			name = Debug;
		};
		4290632D2608D09C004FE97C /* Release */ = {
			isa = XCBuildConfiguration;
			baseConfigurationReference = C0040536BE72D28A5B2339FD /* Pods-MacDoPokeApi.release.xcconfig */;
			buildSettings = {
				ASSETCATALOG_COMPILER_APPICON_NAME = AppIcon;
				CODE_SIGN_STYLE = Automatic;
				INFOPLIST_FILE = MacDoPokeApi/Info.plist;
				LD_RUNPATH_SEARCH_PATHS = (
					"$(inherited)",
					"@executable_path/Frameworks",
				);
				PRODUCT_BUNDLE_IDENTIFIER = fr.mds.ios.MacDoPokeApi;
				PRODUCT_NAME = "$(TARGET_NAME)";
				SWIFT_VERSION = 5.0;
				TARGETED_DEVICE_FAMILY = "1,2";
			};
			name = Release;
		};
/* End XCBuildConfiguration section */

/* Begin XCConfigurationList section */
		429063122608D09B004FE97C /* Build configuration list for PBXProject "MacDoPokeApi" */ = {
			isa = XCConfigurationList;
			buildConfigurations = (
				429063292608D09C004FE97C /* Debug */,
				4290632A2608D09C004FE97C /* Release */,
			);
			defaultConfigurationIsVisible = 0;
			defaultConfigurationName = Release;
		};
		4290632B2608D09C004FE97C /* Build configuration list for PBXNativeTarget "MacDoPokeApi" */ = {
			isa = XCConfigurationList;
			buildConfigurations = (
				4290632C2608D09C004FE97C /* Debug */,
				4290632D2608D09C004FE97C /* Release */,
			);
			defaultConfigurationIsVisible = 0;
			defaultConfigurationName = Release;
		};
/* End XCConfigurationList section */
	};
	rootObject = 4290630F2608D09B004FE97C /* Project object */;
}
